
Microsoft Visual Studio Solution File, Format Version 12.00
# Visual Studio Version 17
VisualStudioVersion = 17.0.31903.59
MinimumVisualStudioVersion = 10.0.40219.1
Project("{FAE04EC0-301F-11D3-BF4B-00C04F79EFBC}") = "SaveHarbor.App", "SaveHarbor.App\SaveHarbor.App.csproj", "{DBF7FDAE-4BDB-4842-9C2D-11F29D59AB16}"
EndProject
Project("{FAE04EC0-301F-11D3-BF4B-00C04F79EFBC}") = "SaveHarbor.Tests", "SaveHarbor.Tests\SaveHarbor.Tests.csproj", "{E56DAD85-268F-4B9C-808E-EFD907DCFD40}"
EndProject
Global
	GlobalSection(SolutionConfigurationPlatforms) = preSolution
		Debug|Any CPU = Debug|Any CPU
		Debug|x64 = Debug|x64
		Debug|x86 = Debug|x86
		Release|Any CPU = Release|Any CPU
		Release|x64 = Release|x64
		Release|x86 = Release|x86
	EndGlobalSection
	GlobalSection(ProjectConfigurationPlatforms) = postSolution
		{DBF7FDAE-4BDB-4842-9C2D-11F29D59AB16}.Debug|Any CPU.ActiveCfg = Debug|Any CPU
		{DBF7FDAE-4BDB-4842-9C2D-11F29D59AB16}.Debug|Any CPU.Build.0 = Debug|Any CPU
		{DBF7FDAE-4BDB-4842-9C2D-11F29D59AB16}.Debug|x64.ActiveCfg = Debug|Any CPU
		{DBF7FDAE-4BDB-4842-9C2D-11F29D59AB16}.Debug|x64.Build.0 = Debug|Any CPU
		{DBF7FDAE-4BDB-4842-9C2D-11F29D59AB16}.Debug|x86.ActiveCfg = Debug|Any CPU
		{DBF7FDAE-4BDB-4842-9C2D-11F29D59AB16}.Debug|x86.Build.0 = Debug|Any CPU
		{DBF7FDAE-4BDB-4842-9C2D-11F29D59AB16}.Release|Any CPU.ActiveCfg = Release|Any CPU
		{DBF7FDAE-4BDB-4842-9C2D-11F29D59AB16}.Release|Any CPU.Build.0 = Release|Any CPU
		{DBF7FDAE-4BDB-4842-9C2D-11F29D59AB16}.Release|x64.ActiveCfg = Release|Any CPU
		{DBF7FDAE-4BDB-4842-9C2D-11F29D59AB16}.Release|x64.Build.0 = Release|Any CPU
		{DBF7FDAE-4BDB-4842-9C2D-11F29D59AB16}.Release|x86.ActiveCfg = Release|Any CPU
		{DBF7FDAE-4BDB-4842-9C2D-11F29D59AB16}.Release|x86.Build.0 = Release|Any CPU
		{E56DAD85-268F-4B9C-808E-EFD907DCFD40}.Debug|Any CPU.ActiveCfg = Debug|Any CPU
		{E56DAD85-268F-4B9C-808E-EFD907DCFD40}.Debug|Any CPU.Build.0 = Debug|Any CPU
		{E56DAD85-268F-4B9C-808E-EFD907DCFD40}.Debug|x64.ActiveCfg = Debug|Any CPU
		{E56DAD85-268F-4B9C-808E-EFD907DCFD40}.Debug|x64.Build.0 = Debug|Any CPU
		{E56DAD85-268F-4B9C-808E-EFD907DCFD40}.Debug|x86.ActiveCfg = Debug|Any CPU
		{E56DAD85-268F-4B9C-808E-EFD907DCFD40}.Debug|x86.Build.0 = Debug|Any CPU
		{E56DAD85-268F-4B9C-808E-EFD907DCFD40}.Release|Any CPU.ActiveCfg = Release|Any CPU
		{E56DAD85-268F-4B9C-808E-EFD907DCFD40}.Release|Any CPU.Build.0 = Release|Any CPU
		{E56DAD85-268F-4B9C-808E-EFD907DCFD40}.Release|x64.ActiveCfg = Release|Any CPU
		{E56DAD85-268F-4B9C-808E-EFD907DCFD40}.Release|x64.Build.0 = Release|Any CPU
		{E56DAD85-268F-4B9C-808E-EFD907DCFD40}.Release|x86.ActiveCfg = Release|Any CPU
		{E56DAD85-268F-4B9C-808E-EFD907DCFD40}.Release|x86.Build.0 = Release|Any CPU
	EndGlobalSection
	GlobalSection(SolutionProperties) = preSolution
		HideSolutionNode = FALSE
	EndGlobalSection
EndGlobal
